
Microsoft Visual Studio Solution File, Format Version 12.00
# Visual Studio Version 16
VisualStudioVersion = 16.0.30503.244
MinimumVisualStudioVersion = 10.0.40219.1
Project("{FAE04EC0-301F-11D3-BF4B-00C04F79EFBC}") = "WpfApp2", "WpfApp2\WpfApp2.csproj", "{FC4CF132-227D-4507-A944-6EEA6970AFCA}"
EndProject
Project("{FAE04EC0-301F-11D3-BF4B-00C04F79EFBC}") = "UnitTestProject", "UnitTestProject\UnitTestProject.csproj", "{4FE93E5D-C3F7-4359-B329-33B340511DD4}"
EndProject
Global
	GlobalSection(SolutionConfigurationPlatforms) = preSolution
		Debug|Any CPU = Debug|Any CPU
		Release|Any CPU = Release|Any CPU
	EndGlobalSection
	GlobalSection(ProjectConfigurationPlatforms) = postSolution
		{FC4CF132-227D-4507-A944-6EEA6970AFCA}.Debug|Any CPU.ActiveCfg = Debug|Any CPU
		{FC4CF132-227D-4507-A944-6EEA6970AFCA}.Debug|Any CPU.Build.0 = Debug|Any CPU
		{FC4CF132-227D-4507-A944-6EEA6970AFCA}.Release|Any CPU.ActiveCfg = Release|Any CPU
		{FC4CF132-227D-4507-A944-6EEA6970AFCA}.Release|Any CPU.Build.0 = Release|Any CPU
		{4FE93E5D-C3F7-4359-B329-33B340511DD4}.Debug|Any CPU.ActiveCfg = Debug|Any CPU
		{4FE93E5D-C3F7-4359-B329-33B340511DD4}.Debug|Any CPU.Build.0 = Debug|Any CPU
		{4FE93E5D-C3F7-4359-B329-33B340511DD4}.Release|Any CPU.ActiveCfg = Release|Any CPU
		{4FE93E5D-C3F7-4359-B329-33B340511DD4}.Release|Any CPU.Build.0 = Release|Any CPU
	EndGlobalSection
	GlobalSection(SolutionProperties) = preSolution
		HideSolutionNode = FALSE
	EndGlobalSection
	GlobalSection(ExtensibilityGlobals) = postSolution
		SolutionGuid = {ABA8BCD4-03E6-492F-86AA-5C3A7F108B50}
	EndGlobalSection
EndGlobal
